
Microsoft Visual Studio Solution File, Format Version 12.00
# Visual Studio Version 16
VisualStudioVersion = 16.0.29503.13
MinimumVisualStudioVersion = 10.0.40219.1
Project("{2150E333-8FDC-42A3-9474-1A3956D46DE8}") = "ref", "ref", "{A2D0783A-7ADB-407E-BD5F-6F7E66C22F9F}"
EndProject
Project("{9A19103F-16F7-4668-BE54-9A1E7A4F7556}") = "NetEZ.Utility", "..\NetEZ\NetEZ.Utility\NetEZ.Utility.csproj", "{F99036E9-AC40-4DAC-9074-8F5EB2E3452F}"
EndProject
Project("{9A19103F-16F7-4668-BE54-9A1E7A4F7556}") = "NetEZ.Core", "..\NetEZ\NetEZ.Core\NetEZ.Core.csproj", "{BB6AFA87-9134-4D85-897D-497DDC09AFF4}"
EndProject
Project("{9A19103F-16F7-4668-BE54-9A1E7A4F7556}") = "ExRpc.Common", "ExRpc.Common\ExRpc.Common.csproj", "{3412D525-794F-4458-8BE7-3949ADB98E8D}"
EndProject
Project("{9A19103F-16F7-4668-BE54-9A1E7A4F7556}") = "ExRpc.Messaging", "ExRpc.Messaging\ExRpc.Messaging.csproj", "{4D28C28B-51C4-4524-B8F7-C5EA935D5D8B}"
EndProject
Project("{9A19103F-16F7-4668-BE54-9A1E7A4F7556}") = "UnitTest", "UnitTest\UnitTest.csproj", "{54A5885F-488D-4474-AAFF-D2F26945ADDF}"
EndProject
Project("{FAE04EC0-301F-11D3-BF4B-00C04F79EFBC}") = "CodeMaker", "CodeMaker\CodeMaker.csproj", "{24882DE7-E144-4A71-A1AA-86FA38267400}"
EndProject
Global
	GlobalSection(SolutionConfigurationPlatforms) = preSolution
		Debug|Any CPU = Debug|Any CPU
		Release|Any CPU = Release|Any CPU
	EndGlobalSection
	GlobalSection(ProjectConfigurationPlatforms) = postSolution
		{F99036E9-AC40-4DAC-9074-8F5EB2E3452F}.Debug|Any CPU.ActiveCfg = Debug|Any CPU
		{F99036E9-AC40-4DAC-9074-8F5EB2E3452F}.Debug|Any CPU.Build.0 = Debug|Any CPU
		{F99036E9-AC40-4DAC-9074-8F5EB2E3452F}.Release|Any CPU.ActiveCfg = Release|Any CPU
		{F99036E9-AC40-4DAC-9074-8F5EB2E3452F}.Release|Any CPU.Build.0 = Release|Any CPU
		{BB6AFA87-9134-4D85-897D-497DDC09AFF4}.Debug|Any CPU.ActiveCfg = Debug|Any CPU
		{BB6AFA87-9134-4D85-897D-497DDC09AFF4}.Debug|Any CPU.Build.0 = Debug|Any CPU
		{BB6AFA87-9134-4D85-897D-497DDC09AFF4}.Release|Any CPU.ActiveCfg = Release|Any CPU
		{BB6AFA87-9134-4D85-897D-497DDC09AFF4}.Release|Any CPU.Build.0 = Release|Any CPU
		{3412D525-794F-4458-8BE7-3949ADB98E8D}.Debug|Any CPU.ActiveCfg = Debug|Any CPU
		{3412D525-794F-4458-8BE7-3949ADB98E8D}.Debug|Any CPU.Build.0 = Debug|Any CPU
		{3412D525-794F-4458-8BE7-3949ADB98E8D}.Release|Any CPU.ActiveCfg = Release|Any CPU
		{3412D525-794F-4458-8BE7-3949ADB98E8D}.Release|Any CPU.Build.0 = Release|Any CPU
		{4D28C28B-51C4-4524-B8F7-C5EA935D5D8B}.Debug|Any CPU.ActiveCfg = Debug|Any CPU
		{4D28C28B-51C4-4524-B8F7-C5EA935D5D8B}.Debug|Any CPU.Build.0 = Debug|Any CPU
		{4D28C28B-51C4-4524-B8F7-C5EA935D5D8B}.Release|Any CPU.ActiveCfg = Release|Any CPU
		{4D28C28B-51C4-4524-B8F7-C5EA935D5D8B}.Release|Any CPU.Build.0 = Release|Any CPU
		{54A5885F-488D-4474-AAFF-D2F26945ADDF}.Debug|Any CPU.ActiveCfg = Debug|Any CPU
		{54A5885F-488D-4474-AAFF-D2F26945ADDF}.Debug|Any CPU.Build.0 = Debug|Any CPU
		{54A5885F-488D-4474-AAFF-D2F26945ADDF}.Release|Any CPU.ActiveCfg = Release|Any CPU
		{54A5885F-488D-4474-AAFF-D2F26945ADDF}.Release|Any CPU.Build.0 = Release|Any CPU
		{24882DE7-E144-4A71-A1AA-86FA38267400}.Debug|Any CPU.ActiveCfg = Debug|Any CPU
		{24882DE7-E144-4A71-A1AA-86FA38267400}.Debug|Any CPU.Build.0 = Debug|Any CPU
		{24882DE7-E144-4A71-A1AA-86FA38267400}.Release|Any CPU.ActiveCfg = Release|Any CPU
		{24882DE7-E144-4A71-A1AA-86FA38267400}.Release|Any CPU.Build.0 = Release|Any CPU
	EndGlobalSection
	GlobalSection(SolutionProperties) = preSolution
		HideSolutionNode = FALSE
	EndGlobalSection
	GlobalSection(NestedProjects) = preSolution
		{F99036E9-AC40-4DAC-9074-8F5EB2E3452F} = {A2D0783A-7ADB-407E-BD5F-6F7E66C22F9F}
		{BB6AFA87-9134-4D85-897D-497DDC09AFF4} = {A2D0783A-7ADB-407E-BD5F-6F7E66C22F9F}
	EndGlobalSection
	GlobalSection(ExtensibilityGlobals) = postSolution
		SolutionGuid = {0F91196D-8A25-45C0-8314-1D91FBDB7A2D}
	EndGlobalSection
EndGlobal
